
Microsoft Visual Studio Solution File, Format Version 12.00
# Visual Studio Version 17
VisualStudioVersion = 17.1.32421.90
MinimumVisualStudioVersion = 10.0.40219.1
Project("{FAE04EC0-301F-11D3-BF4B-00C04F79EFBC}") = "DataAccess", "DataAccess\DataAccess.csproj", "{7C3C3D06-F2FD-4241-A426-D94A7621857D}"
EndProject
Global
	GlobalSection(SolutionConfigurationPlatforms) = preSolution
		Debug|Any CPU = Debug|Any CPU
		Release|Any CPU = Release|Any CPU
	EndGlobalSection
	GlobalSection(ProjectConfigurationPlatforms) = postSolution
		{7C3C3D06-F2FD-4241-A426-D94A7621857D}.Debug|Any CPU.ActiveCfg = Debug|Any CPU
		{7C3C3D06-F2FD-4241-A426-D94A7621857D}.Debug|Any CPU.Build.0 = Debug|Any CPU
		{7C3C3D06-F2FD-4241-A426-D94A7621857D}.Release|Any CPU.ActiveCfg = Release|Any CPU
		{7C3C3D06-F2FD-4241-A426-D94A7621857D}.Release|Any CPU.Build.0 = Release|Any CPU
	EndGlobalSection
	GlobalSection(SolutionProperties) = preSolution
		HideSolutionNode = FALSE
	EndGlobalSection
	GlobalSection(ExtensibilityGlobals) = postSolution
		SolutionGuid = {4B6D60DC-E382-45E7-B3EE-444792E14761}
	EndGlobalSection
EndGlobal
